
Microsoft Visual Studio Solution File, Format Version 12.00
# Visual Studio Version 17
VisualStudioVersion = 17.8.34309.116
MinimumVisualStudioVersion = 10.0.40219.1
Project("{FAE04EC0-301F-11D3-BF4B-00C04F79EFBC}") = "ApiTareaS12", "ApiTareaS12\ApiTareaS12.csproj", "{FE5608F2-EEB2-4211-88C8-896202BC40F4}"
EndProject
Global
	GlobalSection(SolutionConfigurationPlatforms) = preSolution
		Debug|Any CPU = Debug|Any CPU
		Release|Any CPU = Release|Any CPU
	EndGlobalSection
	GlobalSection(ProjectConfigurationPlatforms) = postSolution
		{FE5608F2-EEB2-4211-88C8-896202BC40F4}.Debug|Any CPU.ActiveCfg = Debug|Any CPU
		{FE5608F2-EEB2-4211-88C8-896202BC40F4}.Debug|Any CPU.Build.0 = Debug|Any CPU
		{FE5608F2-EEB2-4211-88C8-896202BC40F4}.Release|Any CPU.ActiveCfg = Release|Any CPU
		{FE5608F2-EEB2-4211-88C8-896202BC40F4}.Release|Any CPU.Build.0 = Release|Any CPU
	EndGlobalSection
	GlobalSection(SolutionProperties) = preSolution
		HideSolutionNode = FALSE
	EndGlobalSection
	GlobalSection(ExtensibilityGlobals) = postSolution
		SolutionGuid = {37778296-FAEF-4DBC-9490-00177FA1D072}
	EndGlobalSection
EndGlobal
